// !$*UTF8*$!
{
	archiveVersion = 1;
	classes = {
	};
	objectVersion = 46;
	objects = {

/* Begin PBXBuildFile section */
		3A6B37731DECF44F00F7BCC4 /* HudView.swift in Sources */ = {isa = PBXBuildFile; fileRef = 3A6B37721DECF44F00F7BCC4 /* HudView.swift */; };
		3A6B37751DECFE5800F7BCC4 /* Functions.swift in Sources */ = {isa = PBXBuildFile; fileRef = 3A6B37741DECFE5800F7BCC4 /* Functions.swift */; };
		3A6B37781DED03A500F7BCC4 /* DataModel.xcdatamodeld in Sources */ = {isa = PBXBuildFile; fileRef = 3A6B37761DED03A500F7BCC4 /* DataModel.xcdatamodeld */; };
		3A6B377F1DED079600F7BCC4 /* Location+CoreDataClass.swift in Sources */ = {isa = PBXBuildFile; fileRef = 3A6B377D1DED079600F7BCC4 /* Location+CoreDataClass.swift */; };
		3A6B37801DED079600F7BCC4 /* Location+CoreDataProperties.swift in Sources */ = {isa = PBXBuildFile; fileRef = 3A6B377E1DED079600F7BCC4 /* Location+CoreDataProperties.swift */; };
		3A7B4D6E1DEBB30800BB5281 /* LocationDetailsViewController.swift in Sources */ = {isa = PBXBuildFile; fileRef = 3A7B4D6D1DEBB30800BB5281 /* LocationDetailsViewController.swift */; };
		3A7B4D721DEBCA5900BB5281 /* CategoryPickerViewController.swift in Sources */ = {isa = PBXBuildFile; fileRef = 3A7B4D711DEBCA5900BB5281 /* CategoryPickerViewController.swift */; };
		3A83BD781DF0CC09003D5F2D /* Sound in Resources */ = {isa = PBXBuildFile; fileRef = 3A83BD771DF0CC09003D5F2D /* Sound */; };
		3A9149621DEE2DB200EAB951 /* LocationsViewController.swift in Sources */ = {isa = PBXBuildFile; fileRef = 3A9149611DEE2DB200EAB951 /* LocationsViewController.swift */; };
		3A9149641DEE329300EAB951 /* LocationCell.swift in Sources */ = {isa = PBXBuildFile; fileRef = 3A9149631DEE329300EAB951 /* LocationCell.swift */; };
		3A9149671DEE5F2700EAB951 /* MapKit.framework in Frameworks */ = {isa = PBXBuildFile; fileRef = 3A9149661DEE5F2700EAB951 /* MapKit.framework */; };
		3A91496A1DEE5FBA00EAB951 /* MapViewController.swift in Sources */ = {isa = PBXBuildFile; fileRef = 3A9149691DEE5FBA00EAB951 /* MapViewController.swift */; };
		3AF2D8FF1DE77BAB0098C6F3 /* AppDelegate.swift in Sources */ = {isa = PBXBuildFile; fileRef = 3AF2D8FE1DE77BAB0098C6F3 /* AppDelegate.swift */; };
		3AF2D9011DE77BAB0098C6F3 /* CurrentLocationViewController.swift in Sources */ = {isa = PBXBuildFile; fileRef = 3AF2D9001DE77BAB0098C6F3 /* CurrentLocationViewController.swift */; };
		3AF2D9061DE77BAB0098C6F3 /* Main.storyboard in Resources */ = {isa = PBXBuildFile; fileRef = 3AF2D9041DE77BAB0098C6F3 /* Main.storyboard */; };
		3AF2D9081DE77BAB0098C6F3 /* Assets.xcassets in Resources */ = {isa = PBXBuildFile; fileRef = 3AF2D9071DE77BAB0098C6F3 /* Assets.xcassets */; };
		3AFD32091DEFB3A800196548 /* UIImage+Resize.swift in Sources */ = {isa = PBXBuildFile; fileRef = 3AFD32081DEFB3A800196548 /* UIImage+Resize.swift */; };
		3AFD320B1DEFB76400196548 /* String+AddText.swift in Sources */ = {isa = PBXBuildFile; fileRef = 3AFD320A1DEFB76400196548 /* String+AddText.swift */; };
		3AFD320D1DEFC1AF00196548 /* MyTabBarController.swift in Sources */ = {isa = PBXBuildFile; fileRef = 3AFD320C1DEFC1AF00196548 /* MyTabBarController.swift */; };
		3AFD320F1DEFC23300196548 /* MyNavigationController.swift in Sources */ = {isa = PBXBuildFile; fileRef = 3AFD320E1DEFC23300196548 /* MyNavigationController.swift */; };
		3AFD32111DEFC2AD00196548 /* MyImagePickerController.swift in Sources */ = {isa = PBXBuildFile; fileRef = 3AFD32101DEFC2AD00196548 /* MyImagePickerController.swift */; };
/* End PBXBuildFile section */

/* Begin PBXFileReference section */
		3A6B37721DECF44F00F7BCC4 /* HudView.swift */ = {isa = PBXFileReference; fileEncoding = 4; lastKnownFileType = sourcecode.swift; path = HudView.swift; sourceTree = "<group>"; };
		3A6B37741DECFE5800F7BCC4 /* Functions.swift */ = {isa = PBXFileReference; fileEncoding = 4; lastKnownFileType = sourcecode.swift; path = Functions.swift; sourceTree = "<group>"; };
		3A6B37771DED03A500F7BCC4 /* DataModel.xcdatamodel */ = {isa = PBXFileReference; lastKnownFileType = wrapper.xcdatamodel; path = DataModel.xcdatamodel; sourceTree = "<group>"; };
		3A6B377D1DED079600F7BCC4 /* Location+CoreDataClass.swift */ = {isa = PBXFileReference; fileEncoding = 4; lastKnownFileType = sourcecode.swift; path = "Location+CoreDataClass.swift"; sourceTree = "<group>"; };
		3A6B377E1DED079600F7BCC4 /* Location+CoreDataProperties.swift */ = {isa = PBXFileReference; fileEncoding = 4; lastKnownFileType = sourcecode.swift; path = "Location+CoreDataProperties.swift"; sourceTree = "<group>"; };
		3A7B4D6D1DEBB30800BB5281 /* LocationDetailsViewController.swift */ = {isa = PBXFileReference; fileEncoding = 4; lastKnownFileType = sourcecode.swift; path = LocationDetailsViewController.swift; sourceTree = "<group>"; };
		3A7B4D711DEBCA5900BB5281 /* CategoryPickerViewController.swift */ = {isa = PBXFileReference; fileEncoding = 4; lastKnownFileType = sourcecode.swift; path = CategoryPickerViewController.swift; sourceTree = "<group>"; };
		3A83BD771DF0CC09003D5F2D /* Sound */ = {isa = PBXFileReference; lastKnownFileType = folder; path = Sound; sourceTree = "<group>"; };
		3A9149611DEE2DB200EAB951 /* LocationsViewController.swift */ = {isa = PBXFileReference; fileEncoding = 4; lastKnownFileType = sourcecode.swift; path = LocationsViewController.swift; sourceTree = "<group>"; };
		3A9149631DEE329300EAB951 /* LocationCell.swift */ = {isa = PBXFileReference; fileEncoding = 4; lastKnownFileType = sourcecode.swift; path = LocationCell.swift; sourceTree = "<group>"; };
		3A9149661DEE5F2700EAB951 /* MapKit.framework */ = {isa = PBXFileReference; lastKnownFileType = wrapper.framework; name = MapKit.framework; path = System/Library/Frameworks/MapKit.framework; sourceTree = SDKROOT; };
		3A9149691DEE5FBA00EAB951 /* MapViewController.swift */ = {isa = PBXFileReference; fileEncoding = 4; lastKnownFileType = sourcecode.swift; path = MapViewController.swift; sourceTree = "<group>"; };
		3AF2D8FB1DE77BAB0098C6F3 /* MyLocations.app */ = {isa = PBXFileReference; explicitFileType = wrapper.application; includeInIndex = 0; path = MyLocations.app; sourceTree = BUILT_PRODUCTS_DIR; };
		3AF2D8FE1DE77BAB0098C6F3 /* AppDelegate.swift */ = {isa = PBXFileReference; lastKnownFileType = sourcecode.swift; path = AppDelegate.swift; sourceTree = "<group>"; };
		3AF2D9001DE77BAB0098C6F3 /* CurrentLocationViewController.swift */ = {isa = PBXFileReference; lastKnownFileType = sourcecode.swift; path = CurrentLocationViewController.swift; sourceTree = "<group>"; };
		3AF2D9051DE77BAB0098C6F3 /* Base */ = {isa = PBXFileReference; lastKnownFileType = file.storyboard; name = Base; path = Base.lproj/Main.storyboard; sourceTree = "<group>"; };
		3AF2D9071DE77BAB0098C6F3 /* Assets.xcassets */ = {isa = PBXFileReference; lastKnownFileType = folder.assetcatalog; path = Assets.xcassets; sourceTree = "<group>"; };
		3AF2D90C1DE77BAB0098C6F3 /* Info.plist */ = {isa = PBXFileReference; lastKnownFileType = text.plist.xml; path = Info.plist; sourceTree = "<group>"; };
		3AFD32081DEFB3A800196548 /* UIImage+Resize.swift */ = {isa = PBXFileReference; fileEncoding = 4; lastKnownFileType = sourcecode.swift; path = "UIImage+Resize.swift"; sourceTree = "<group>"; };
		3AFD320A1DEFB76400196548 /* String+AddText.swift */ = {isa = PBXFileReference; fileEncoding = 4; lastKnownFileType = sourcecode.swift; path = "String+AddText.swift"; sourceTree = "<group>"; };
		3AFD320C1DEFC1AF00196548 /* MyTabBarController.swift */ = {isa = PBXFileReference; fileEncoding = 4; lastKnownFileType = sourcecode.swift; path = MyTabBarController.swift; sourceTree = "<group>"; };
		3AFD320E1DEFC23300196548 /* MyNavigationController.swift */ = {isa = PBXFileReference; fileEncoding = 4; lastKnownFileType = sourcecode.swift; path = MyNavigationController.swift; sourceTree = "<group>"; };
		3AFD32101DEFC2AD00196548 /* MyImagePickerController.swift */ = {isa = PBXFileReference; fileEncoding = 4; lastKnownFileType = sourcecode.swift; path = MyImagePickerController.swift; sourceTree = "<group>"; };
/* End PBXFileReference section */

/* Begin PBXFrameworksBuildPhase section */
		3AF2D8F81DE77BAB0098C6F3 /* Frameworks */ = {
			isa = PBXFrameworksBuildPhase;
			buildActionMask = 2147483647;
			files = (
				3A9149671DEE5F2700EAB951 /* MapKit.framework in Frameworks */,
			);
			runOnlyForDeploymentPostprocessing = 0;
		};
/* End PBXFrameworksBuildPhase section */

/* Begin PBXGroup section */
		3A9149651DEE5F2700EAB951 /* Frameworks */ = {
			isa = PBXGroup;
			children = (
				3A9149661DEE5F2700EAB951 /* MapKit.framework */,
			);
			name = Frameworks;
			sourceTree = "<group>";
		};
		3AF2D8F21DE77BAB0098C6F3 = {
			isa = PBXGroup;
			children = (
				3AF2D8FD1DE77BAB0098C6F3 /* MyLocations */,
				3AF2D8FC1DE77BAB0098C6F3 /* Products */,
				3A9149651DEE5F2700EAB951 /* Frameworks */,
			);
			sourceTree = "<group>";
		};
		3AF2D8FC1DE77BAB0098C6F3 /* Products */ = {
			isa = PBXGroup;
			children = (
				3AF2D8FB1DE77BAB0098C6F3 /* MyLocations.app */,
			);
			name = Products;
			sourceTree = "<group>";
		};
		3AF2D8FD1DE77BAB0098C6F3 /* MyLocations */ = {
			isa = PBXGroup;
			children = (
				3AF2D8FE1DE77BAB0098C6F3 /* AppDelegate.swift */,
				3AF2D9071DE77BAB0098C6F3 /* Assets.xcassets */,
				3A7B4D711DEBCA5900BB5281 /* CategoryPickerViewController.swift */,
				3AF2D9001DE77BAB0098C6F3 /* CurrentLocationViewController.swift */,
				3A6B37761DED03A500F7BCC4 /* DataModel.xcdatamodeld */,
				3A6B37741DECFE5800F7BCC4 /* Functions.swift */,
				3A6B37721DECF44F00F7BCC4 /* HudView.swift */,
				3AF2D90C1DE77BAB0098C6F3 /* Info.plist */,
				3A6B377D1DED079600F7BCC4 /* Location+CoreDataClass.swift */,
				3A6B377E1DED079600F7BCC4 /* Location+CoreDataProperties.swift */,
				3A9149631DEE329300EAB951 /* LocationCell.swift */,
				3A7B4D6D1DEBB30800BB5281 /* LocationDetailsViewController.swift */,
				3A9149611DEE2DB200EAB951 /* LocationsViewController.swift */,
				3AF2D9041DE77BAB0098C6F3 /* Main.storyboard */,
				3A9149691DEE5FBA00EAB951 /* MapViewController.swift */,
				3AFD32101DEFC2AD00196548 /* MyImagePickerController.swift */,
				3AFD320E1DEFC23300196548 /* MyNavigationController.swift */,
				3AFD320C1DEFC1AF00196548 /* MyTabBarController.swift */,
				3AFD320A1DEFB76400196548 /* String+AddText.swift */,
				3AFD32081DEFB3A800196548 /* UIImage+Resize.swift */,
				3A83BD771DF0CC09003D5F2D /* Sound */,
			);
			path = MyLocations;
			sourceTree = "<group>";
		};
/* End PBXGroup section */

/* Begin PBXNativeTarget section */
		3AF2D8FA1DE77BAB0098C6F3 /* MyLocations */ = {
			isa = PBXNativeTarget;
			buildConfigurationList = 3AF2D90F1DE77BAB0098C6F3 /* Build configuration list for PBXNativeTarget "MyLocations" */;
			buildPhases = (
				3AF2D8F71DE77BAB0098C6F3 /* Sources */,
				3AF2D8F81DE77BAB0098C6F3 /* Frameworks */,
				3AF2D8F91DE77BAB0098C6F3 /* Resources */,
			);
			buildRules = (
			);
			dependencies = (
			);
			name = MyLocations;
			productName = MyLocations;
			productReference = 3AF2D8FB1DE77BAB0098C6F3 /* MyLocations.app */;
			productType = "com.apple.product-type.application";
		};
/* End PBXNativeTarget section */

/* Begin PBXProject section */
		3AF2D8F31DE77BAB0098C6F3 /* Project object */ = {
			isa = PBXProject;
			attributes = {
				LastSwiftUpdateCheck = 0810;
				LastUpgradeCheck = 0810;
				ORGANIZATIONNAME = "Dambros apps";
				TargetAttributes = {
					3AF2D8FA1DE77BAB0098C6F3 = {
						CreatedOnToolsVersion = 8.1;
						ProvisioningStyle = Automatic;
						SystemCapabilities = {
							com.apple.Maps.iOS = {
								enabled = 1;
							};
						};
					};
				};
			};
			buildConfigurationList = 3AF2D8F61DE77BAB0098C6F3 /* Build configuration list for PBXProject "MyLocations" */;
			compatibilityVersion = "Xcode 3.2";
			developmentRegion = English;
			hasScannedForEncodings = 0;
			knownRegions = (
				en,
				Base,
			);
			mainGroup = 3AF2D8F21DE77BAB0098C6F3;
			productRefGroup = 3AF2D8FC1DE77BAB0098C6F3 /* Products */;
			projectDirPath = "";
			projectRoot = "";
			targets = (
				3AF2D8FA1DE77BAB0098C6F3 /* MyLocations */,
			);
		};
/* End PBXProject section */

/* Begin PBXResourcesBuildPhase section */
		3AF2D8F91DE77BAB0098C6F3 /* Resources */ = {
			isa = PBXResourcesBuildPhase;
			buildActionMask = 2147483647;
			files = (
				3AF2D9081DE77BAB0098C6F3 /* Assets.xcassets in Resources */,
				3A83BD781DF0CC09003D5F2D /* Sound in Resources */,
				3AF2D9061DE77BAB0098C6F3 /* Main.storyboard in Resources */,
			);
			runOnlyForDeploymentPostprocessing = 0;
		};
/* End PBXResourcesBuildPhase section */

/* Begin PBXSourcesBuildPhase section */
		3AF2D8F71DE77BAB0098C6F3 /* Sources */ = {
			isa = PBXSourcesBuildPhase;
			buildActionMask = 2147483647;
			files = (
				3A7B4D6E1DEBB30800BB5281 /* LocationDetailsViewController.swift in Sources */,
				3AFD320F1DEFC23300196548 /* MyNavigationController.swift in Sources */,
				3A6B37781DED03A500F7BCC4 /* DataModel.xcdatamodeld in Sources */,
				3AFD32111DEFC2AD00196548 /* MyImagePickerController.swift in Sources */,
				3A9149641DEE329300EAB951 /* LocationCell.swift in Sources */,
				3A6B37731DECF44F00F7BCC4 /* HudView.swift in Sources */,
				3A9149621DEE2DB200EAB951 /* LocationsViewController.swift in Sources */,
				3A91496A1DEE5FBA00EAB951 /* MapViewController.swift in Sources */,
				3AFD32091DEFB3A800196548 /* UIImage+Resize.swift in Sources */,
				3A6B37801DED079600F7BCC4 /* Location+CoreDataProperties.swift in Sources */,
				3A6B37751DECFE5800F7BCC4 /* Functions.swift in Sources */,
				3AF2D8FF1DE77BAB0098C6F3 /* AppDelegate.swift in Sources */,
				3A6B377F1DED079600F7BCC4 /* Location+CoreDataClass.swift in Sources */,
				3AFD320B1DEFB76400196548 /* String+AddText.swift in Sources */,
				3A7B4D721DEBCA5900BB5281 /* CategoryPickerViewController.swift in Sources */,
				3AF2D9011DE77BAB0098C6F3 /* CurrentLocationViewController.swift in Sources */,
				3AFD320D1DEFC1AF00196548 /* MyTabBarController.swift in Sources */,
			);
			runOnlyForDeploymentPostprocessing = 0;
		};
/* End PBXSourcesBuildPhase section */

/* Begin PBXVariantGroup section */
		3AF2D9041DE77BAB0098C6F3 /* Main.storyboard */ = {
			isa = PBXVariantGroup;
			children = (
				3AF2D9051DE77BAB0098C6F3 /* Base */,
			);
			name = Main.storyboard;
			sourceTree = "<group>";
		};
/* End PBXVariantGroup section */

/* Begin XCBuildConfiguration section */
		3AF2D90D1DE77BAB0098C6F3 /* Debug */ = {
			isa = XCBuildConfiguration;
			buildSettings = {
				ALWAYS_SEARCH_USER_PATHS = NO;
				CLANG_ANALYZER_NONNULL = YES;
				CLANG_CXX_LANGUAGE_STANDARD = "gnu++0x";
				CLANG_CXX_LIBRARY = "libc++";
				CLANG_ENABLE_MODULES = YES;
				CLANG_ENABLE_OBJC_ARC = YES;
				CLANG_WARN_BOOL_CONVERSION = YES;
				CLANG_WARN_CONSTANT_CONVERSION = YES;
				CLANG_WARN_DIRECT_OBJC_ISA_USAGE = YES_ERROR;
				CLANG_WARN_DOCUMENTATION_COMMENTS = YES;
				CLANG_WARN_EMPTY_BODY = YES;
				CLANG_WARN_ENUM_CONVERSION = YES;
				CLANG_WARN_INFINITE_RECURSION = YES;
				CLANG_WARN_INT_CONVERSION = YES;
				CLANG_WARN_OBJC_ROOT_CLASS = YES_ERROR;
				CLANG_WARN_SUSPICIOUS_MOVES = YES;
				CLANG_WARN_UNREACHABLE_CODE = YES;
				CLANG_WARN__DUPLICATE_METHOD_MATCH = YES;
				"CODE_SIGN_IDENTITY[sdk=iphoneos*]" = "iPhone Developer";
				COPY_PHASE_STRIP = NO;
				DEBUG_INFORMATION_FORMAT = dwarf;
				ENABLE_STRICT_OBJC_MSGSEND = YES;
				ENABLE_TESTABILITY = YES;
				GCC_C_LANGUAGE_STANDARD = gnu99;
				GCC_DYNAMIC_NO_PIC = NO;
				GCC_NO_COMMON_BLOCKS = YES;
				GCC_OPTIMIZATION_LEVEL = 0;
				GCC_PREPROCESSOR_DEFINITIONS = (
					"DEBUG=1",
					"$(inherited)",
				);
				GCC_WARN_64_TO_32_BIT_CONVERSION = YES;
				GCC_WARN_ABOUT_RETURN_TYPE = YES_ERROR;
				GCC_WARN_UNDECLARED_SELECTOR = YES;
				GCC_WARN_UNINITIALIZED_AUTOS = YES_AGGRESSIVE;
				GCC_WARN_UNUSED_FUNCTION = YES;
				GCC_WARN_UNUSED_VARIABLE = YES;
				IPHONEOS_DEPLOYMENT_TARGET = 10.1;
				MTL_ENABLE_DEBUG_INFO = YES;
				ONLY_ACTIVE_ARCH = YES;
				SDKROOT = iphoneos;
				SWIFT_ACTIVE_COMPILATION_CONDITIONS = DEBUG;
				SWIFT_OPTIMIZATION_LEVEL = "-Onone";
			};
			name = Debug;
		};
		3AF2D90E1DE77BAB0098C6F3 /* Release */ = {
			isa = XCBuildConfiguration;
			buildSettings = {
				ALWAYS_SEARCH_USER_PATHS = NO;
				CLANG_ANALYZER_NONNULL = YES;
				CLANG_CXX_LANGUAGE_STANDARD = "gnu++0x";
				CLANG_CXX_LIBRARY = "libc++";
				CLANG_ENABLE_MODULES = YES;
				CLANG_ENABLE_OBJC_ARC = YES;
				CLANG_WARN_BOOL_CONVERSION = YES;
				CLANG_WARN_CONSTANT_CONVERSION = YES;
				CLANG_WARN_DIRECT_OBJC_ISA_USAGE = YES_ERROR;
				CLANG_WARN_DOCUMENTATION_COMMENTS = YES;
				CLANG_WARN_EMPTY_BODY = YES;
				CLANG_WARN_ENUM_CONVERSION = YES;
				CLANG_WARN_INFINITE_RECURSION = YES;
				CLANG_WARN_INT_CONVERSION = YES;
				CLANG_WARN_OBJC_ROOT_CLASS = YES_ERROR;
				CLANG_WARN_SUSPICIOUS_MOVES = YES;
				CLANG_WARN_UNREACHABLE_CODE = YES;
				CLANG_WARN__DUPLICATE_METHOD_MATCH = YES;
				"CODE_SIGN_IDENTITY[sdk=iphoneos*]" = "iPhone Developer";
				COPY_PHASE_STRIP = NO;
				DEBUG_INFORMATION_FORMAT = "dwarf-with-dsym";
				ENABLE_NS_ASSERTIONS = NO;
				ENABLE_STRICT_OBJC_MSGSEND = YES;
				GCC_C_LANGUAGE_STANDARD = gnu99;
				GCC_NO_COMMON_BLOCKS = YES;
				GCC_WARN_64_TO_32_BIT_CONVERSION = YES;
				GCC_WARN_ABOUT_RETURN_TYPE = YES_ERROR;
				GCC_WARN_UNDECLARED_SELECTOR = YES;
				GCC_WARN_UNINITIALIZED_AUTOS = YES_AGGRESSIVE;
				GCC_WARN_UNUSED_FUNCTION = YES;
				GCC_WARN_UNUSED_VARIABLE = YES;
				IPHONEOS_DEPLOYMENT_TARGET = 10.1;
				MTL_ENABLE_DEBUG_INFO = NO;
				SDKROOT = iphoneos;
				SWIFT_OPTIMIZATION_LEVEL = "-Owholemodule";
				VALIDATE_PRODUCT = YES;
			};
			name = Release;
		};
		3AF2D9101DE77BAB0098C6F3 /* Debug */ = {
			isa = XCBuildConfiguration;
			buildSettings = {
				ASSETCATALOG_COMPILER_APPICON_NAME = AppIcon;
				ASSETCATALOG_COMPILER_LAUNCHIMAGE_NAME = LaunchImage;
				INFOPLIST_FILE = MyLocations/Info.plist;
				LD_RUNPATH_SEARCH_PATHS = "$(inherited) @executable_path/Frameworks";
				PRODUCT_BUNDLE_IDENTIFIER = com.dambrosapps.MyLocations;
				PRODUCT_NAME = "$(TARGET_NAME)";
				SWIFT_VERSION = 3.0;
			};
			name = Debug;
		};
		3AF2D9111DE77BAB0098C6F3 /* Release */ = {
			isa = XCBuildConfiguration;
			buildSettings = {
				ASSETCATALOG_COMPILER_APPICON_NAME = AppIcon;
				ASSETCATALOG_COMPILER_LAUNCHIMAGE_NAME = LaunchImage;
				INFOPLIST_FILE = MyLocations/Info.plist;
				LD_RUNPATH_SEARCH_PATHS = "$(inherited) @executable_path/Frameworks";
				PRODUCT_BUNDLE_IDENTIFIER = com.dambrosapps.MyLocations;
				PRODUCT_NAME = "$(TARGET_NAME)";
				SWIFT_VERSION = 3.0;
			};
			name = Release;
		};
/* End XCBuildConfiguration section */

/* Begin XCConfigurationList section */
		3AF2D8F61DE77BAB0098C6F3 /* Build configuration list for PBXProject "MyLocations" */ = {
			isa = XCConfigurationList;
			buildConfigurations = (
				3AF2D90D1DE77BAB0098C6F3 /* Debug */,
				3AF2D90E1DE77BAB0098C6F3 /* Release */,
			);
			defaultConfigurationIsVisible = 0;
			defaultConfigurationName = Release;
		};
		3AF2D90F1DE77BAB0098C6F3 /* Build configuration list for PBXNativeTarget "MyLocations" */ = {
			isa = XCConfigurationList;
			buildConfigurations = (
				3AF2D9101DE77BAB0098C6F3 /* Debug */,
				3AF2D9111DE77BAB0098C6F3 /* Release */,
			);
			defaultConfigurationIsVisible = 0;
			defaultConfigurationName = Release;
		};
/* End XCConfigurationList section */

/* Begin XCVersionGroup section */
		3A6B37761DED03A500F7BCC4 /* DataModel.xcdatamodeld */ = {
			isa = XCVersionGroup;
			children = (
				3A6B37771DED03A500F7BCC4 /* DataModel.xcdatamodel */,
			);
			currentVersion = 3A6B37771DED03A500F7BCC4 /* DataModel.xcdatamodel */;
			path = DataModel.xcdatamodeld;
			sourceTree = "<group>";
			versionGroupType = wrapper.xcdatamodel;
		};
/* End XCVersionGroup section */
	};
	rootObject = 3AF2D8F31DE77BAB0098C6F3 /* Project object */;
}
